
Microsoft Visual Studio Solution File, Format Version 12.00
# Visual Studio 2013
VisualStudioVersion = 12.0.21005.1
MinimumVisualStudioVersion = 10.0.40219.1
Project("{8BC9CEB8-8B4A-11D0-8D11-00A0C91BC942}") = "C++3", "C++3\C++3.vcxproj", "{D290B7F5-D1CD-4534-A0C9-3A0CFBD9EB22}"
EndProject
Global
	GlobalSection(SolutionConfigurationPlatforms) = preSolution
		Debug|Win32 = Debug|Win32
		Release|Win32 = Release|Win32
	EndGlobalSection
	GlobalSection(ProjectConfigurationPlatforms) = postSolution
		{D290B7F5-D1CD-4534-A0C9-3A0CFBD9EB22}.Debug|Win32.ActiveCfg = Debug|Win32
		{D290B7F5-D1CD-4534-A0C9-3A0CFBD9EB22}.Debug|Win32.Build.0 = Debug|Win32
		{D290B7F5-D1CD-4534-A0C9-3A0CFBD9EB22}.Release|Win32.ActiveCfg = Release|Win32
		{D290B7F5-D1CD-4534-A0C9-3A0CFBD9EB22}.Release|Win32.Build.0 = Release|Win32
	EndGlobalSection
	GlobalSection(SolutionProperties) = preSolution
		HideSolutionNode = FALSE
	EndGlobalSection
EndGlobal
